
Microsoft Visual Studio Solution File, Format Version 12.00
# Visual Studio Version 17
VisualStudioVersion = 17.4.33213.308
MinimumVisualStudioVersion = 10.0.40219.1
Project("{2150E333-8FDC-42A3-9474-1A3956D46DE8}") = "Services", "Services", "{95E3696C-330E-4229-A7D8-CA1C8E009FC4}"
EndProject
Project("{2150E333-8FDC-42A3-9474-1A3956D46DE8}") = "Catalogue", "Catalogue", "{96163B62-2DE8-4EB2-B34A-6B5D77125394}"
EndProject
Project("{FAE04EC0-301F-11D3-BF4B-00C04F79EFBC}") = "Catalogue.API", "Services\Catalogue\Catalogue.API\Catalogue.API.csproj", "{1D18B38C-4649-47DB-A49A-4DA05A88BBF1}"
EndProject
Project("{E53339B2-1760-4266-BCC7-CA923CBCF16C}") = "docker-compose", "docker-compose.dcproj", "{060E7C13-5248-4F70-AEC7-4D34FFB2AD31}"
EndProject
Global
	GlobalSection(SolutionConfigurationPlatforms) = preSolution
		Debug|Any CPU = Debug|Any CPU
		Release|Any CPU = Release|Any CPU
	EndGlobalSection
	GlobalSection(ProjectConfigurationPlatforms) = postSolution
		{1D18B38C-4649-47DB-A49A-4DA05A88BBF1}.Debug|Any CPU.ActiveCfg = Debug|Any CPU
		{1D18B38C-4649-47DB-A49A-4DA05A88BBF1}.Debug|Any CPU.Build.0 = Debug|Any CPU
		{1D18B38C-4649-47DB-A49A-4DA05A88BBF1}.Release|Any CPU.ActiveCfg = Release|Any CPU
		{1D18B38C-4649-47DB-A49A-4DA05A88BBF1}.Release|Any CPU.Build.0 = Release|Any CPU
		{060E7C13-5248-4F70-AEC7-4D34FFB2AD31}.Debug|Any CPU.ActiveCfg = Debug|Any CPU
		{060E7C13-5248-4F70-AEC7-4D34FFB2AD31}.Debug|Any CPU.Build.0 = Debug|Any CPU
		{060E7C13-5248-4F70-AEC7-4D34FFB2AD31}.Release|Any CPU.ActiveCfg = Release|Any CPU
		{060E7C13-5248-4F70-AEC7-4D34FFB2AD31}.Release|Any CPU.Build.0 = Release|Any CPU
	EndGlobalSection
	GlobalSection(SolutionProperties) = preSolution
		HideSolutionNode = FALSE
	EndGlobalSection
	GlobalSection(NestedProjects) = preSolution
		{96163B62-2DE8-4EB2-B34A-6B5D77125394} = {95E3696C-330E-4229-A7D8-CA1C8E009FC4}
		{1D18B38C-4649-47DB-A49A-4DA05A88BBF1} = {96163B62-2DE8-4EB2-B34A-6B5D77125394}
	EndGlobalSection
	GlobalSection(ExtensibilityGlobals) = postSolution
		SolutionGuid = {27EA1100-B1B1-41EC-AF8D-E07D0476E822}
	EndGlobalSection
EndGlobal
