
Microsoft Visual Studio Solution File, Format Version 12.00
# Visual Studio Version 17
VisualStudioVersion = 17.4.33213.308
MinimumVisualStudioVersion = 10.0.40219.1
Project("{2150E333-8FDC-42A3-9474-1A3956D46DE8}") = "Services", "Services", "{95E3696C-330E-4229-A7D8-CA1C8E009FC4}"
EndProject
Project("{2150E333-8FDC-42A3-9474-1A3956D46DE8}") = "Catalogue", "Catalogue", "{96163B62-2DE8-4EB2-B34A-6B5D77125394}"
EndProject
Project("{E53339B2-1760-4266-BCC7-CA923CBCF16C}") = "docker-compose", "docker-compose.dcproj", "{060E7C13-5248-4F70-AEC7-4D34FFB2AD31}"
EndProject
Project("{2150E333-8FDC-42A3-9474-1A3956D46DE8}") = "Basket", "Basket", "{30B982E8-E2E0-4468-BCD8-0F2CC27C89C7}"
EndProject
Project("{9A19103F-16F7-4668-BE54-9A1E7A4F7556}") = "Basket.API", "Services\Basket\Basket.API\Basket.API.csproj", "{E5627127-378A-4B37-997B-7B389B863966}"
EndProject
Project("{2150E333-8FDC-42A3-9474-1A3956D46DE8}") = "Discount", "Discount", "{076FC77D-ADCF-4929-AEAA-15DF7306DF37}"
EndProject
Project("{9A19103F-16F7-4668-BE54-9A1E7A4F7556}") = "Discount.GRPC", "Services\Discount\Discount.GRPC\Discount.GRPC.csproj", "{D8335C77-465E-489D-ABEB-507C1E1E512A}"
EndProject
Project("{9A19103F-16F7-4668-BE54-9A1E7A4F7556}") = "Catalogue.API", "Services\Catalogue\Catalogue.API\Catalogue.API.csproj", "{88F5C868-DC93-490D-A1D8-E5FFE541FD3C}"
EndProject
Project("{9A19103F-16F7-4668-BE54-9A1E7A4F7556}") = "Discount.API", "Services\Discount\Discount.API\Discount.API.csproj", "{858C1E78-60CC-4036-84DF-5F08196C7B52}"
EndProject
Project("{2150E333-8FDC-42A3-9474-1A3956D46DE8}") = "Ordering", "Ordering", "{13F9A086-217E-40FE-8A22-EF13D93A76D1}"
EndProject
Project("{FAE04EC0-301F-11D3-BF4B-00C04F79EFBC}") = "Ordering.API", "Services\Ordering\Ordering.API\Ordering.API\Ordering.API.csproj", "{134DD6A1-F0F9-4759-AAA5-FEA9129BF338}"
EndProject
Project("{FAE04EC0-301F-11D3-BF4B-00C04F79EFBC}") = "Ordering.Domain", "Services\Ordering\Ordering.Domain\Ordering.Domain\Ordering.Domain.csproj", "{F94695B6-DD4B-40F4-84F3-ABC03C8D91C3}"
EndProject
Project("{FAE04EC0-301F-11D3-BF4B-00C04F79EFBC}") = "Ordering.Application", "Services\Ordering\Ordering.Application\Ordering.Application\Ordering.Application.csproj", "{A5516DF3-E495-4413-B38D-823B0FD05AF4}"
EndProject
Project("{FAE04EC0-301F-11D3-BF4B-00C04F79EFBC}") = "Ordering.Infrastructure", "Services\Ordering\Ordering.Infrastructure\Ordering.Infrastructure\Ordering.Infrastructure.csproj", "{E555A553-0BCE-4EAC-97BA-10614CED41B9}"
EndProject
Global
	GlobalSection(SolutionConfigurationPlatforms) = preSolution
		Debug|Any CPU = Debug|Any CPU
		Release|Any CPU = Release|Any CPU
	EndGlobalSection
	GlobalSection(ProjectConfigurationPlatforms) = postSolution
		{060E7C13-5248-4F70-AEC7-4D34FFB2AD31}.Debug|Any CPU.ActiveCfg = Debug|Any CPU
		{060E7C13-5248-4F70-AEC7-4D34FFB2AD31}.Debug|Any CPU.Build.0 = Debug|Any CPU
		{060E7C13-5248-4F70-AEC7-4D34FFB2AD31}.Release|Any CPU.ActiveCfg = Release|Any CPU
		{060E7C13-5248-4F70-AEC7-4D34FFB2AD31}.Release|Any CPU.Build.0 = Release|Any CPU
		{E5627127-378A-4B37-997B-7B389B863966}.Debug|Any CPU.ActiveCfg = Debug|Any CPU
		{E5627127-378A-4B37-997B-7B389B863966}.Debug|Any CPU.Build.0 = Debug|Any CPU
		{E5627127-378A-4B37-997B-7B389B863966}.Release|Any CPU.ActiveCfg = Release|Any CPU
		{E5627127-378A-4B37-997B-7B389B863966}.Release|Any CPU.Build.0 = Release|Any CPU
		{D8335C77-465E-489D-ABEB-507C1E1E512A}.Debug|Any CPU.ActiveCfg = Debug|Any CPU
		{D8335C77-465E-489D-ABEB-507C1E1E512A}.Debug|Any CPU.Build.0 = Debug|Any CPU
		{D8335C77-465E-489D-ABEB-507C1E1E512A}.Release|Any CPU.ActiveCfg = Release|Any CPU
		{D8335C77-465E-489D-ABEB-507C1E1E512A}.Release|Any CPU.Build.0 = Release|Any CPU
		{88F5C868-DC93-490D-A1D8-E5FFE541FD3C}.Debug|Any CPU.ActiveCfg = Debug|Any CPU
		{88F5C868-DC93-490D-A1D8-E5FFE541FD3C}.Debug|Any CPU.Build.0 = Debug|Any CPU
		{88F5C868-DC93-490D-A1D8-E5FFE541FD3C}.Release|Any CPU.ActiveCfg = Release|Any CPU
		{88F5C868-DC93-490D-A1D8-E5FFE541FD3C}.Release|Any CPU.Build.0 = Release|Any CPU
		{858C1E78-60CC-4036-84DF-5F08196C7B52}.Debug|Any CPU.ActiveCfg = Debug|Any CPU
		{858C1E78-60CC-4036-84DF-5F08196C7B52}.Debug|Any CPU.Build.0 = Debug|Any CPU
		{858C1E78-60CC-4036-84DF-5F08196C7B52}.Release|Any CPU.ActiveCfg = Release|Any CPU
		{858C1E78-60CC-4036-84DF-5F08196C7B52}.Release|Any CPU.Build.0 = Release|Any CPU
		{134DD6A1-F0F9-4759-AAA5-FEA9129BF338}.Debug|Any CPU.ActiveCfg = Debug|Any CPU
		{134DD6A1-F0F9-4759-AAA5-FEA9129BF338}.Debug|Any CPU.Build.0 = Debug|Any CPU
		{134DD6A1-F0F9-4759-AAA5-FEA9129BF338}.Release|Any CPU.ActiveCfg = Release|Any CPU
		{134DD6A1-F0F9-4759-AAA5-FEA9129BF338}.Release|Any CPU.Build.0 = Release|Any CPU
		{F94695B6-DD4B-40F4-84F3-ABC03C8D91C3}.Debug|Any CPU.ActiveCfg = Debug|Any CPU
		{F94695B6-DD4B-40F4-84F3-ABC03C8D91C3}.Debug|Any CPU.Build.0 = Debug|Any CPU
		{F94695B6-DD4B-40F4-84F3-ABC03C8D91C3}.Release|Any CPU.ActiveCfg = Release|Any CPU
		{F94695B6-DD4B-40F4-84F3-ABC03C8D91C3}.Release|Any CPU.Build.0 = Release|Any CPU
		{A5516DF3-E495-4413-B38D-823B0FD05AF4}.Debug|Any CPU.ActiveCfg = Debug|Any CPU
		{A5516DF3-E495-4413-B38D-823B0FD05AF4}.Debug|Any CPU.Build.0 = Debug|Any CPU
		{A5516DF3-E495-4413-B38D-823B0FD05AF4}.Release|Any CPU.ActiveCfg = Release|Any CPU
		{A5516DF3-E495-4413-B38D-823B0FD05AF4}.Release|Any CPU.Build.0 = Release|Any CPU
		{E555A553-0BCE-4EAC-97BA-10614CED41B9}.Debug|Any CPU.ActiveCfg = Debug|Any CPU
		{E555A553-0BCE-4EAC-97BA-10614CED41B9}.Debug|Any CPU.Build.0 = Debug|Any CPU
		{E555A553-0BCE-4EAC-97BA-10614CED41B9}.Release|Any CPU.ActiveCfg = Release|Any CPU
		{E555A553-0BCE-4EAC-97BA-10614CED41B9}.Release|Any CPU.Build.0 = Release|Any CPU
	EndGlobalSection
	GlobalSection(SolutionProperties) = preSolution
		HideSolutionNode = FALSE
	EndGlobalSection
	GlobalSection(NestedProjects) = preSolution
		{96163B62-2DE8-4EB2-B34A-6B5D77125394} = {95E3696C-330E-4229-A7D8-CA1C8E009FC4}
		{30B982E8-E2E0-4468-BCD8-0F2CC27C89C7} = {95E3696C-330E-4229-A7D8-CA1C8E009FC4}
		{E5627127-378A-4B37-997B-7B389B863966} = {30B982E8-E2E0-4468-BCD8-0F2CC27C89C7}
		{076FC77D-ADCF-4929-AEAA-15DF7306DF37} = {95E3696C-330E-4229-A7D8-CA1C8E009FC4}
		{D8335C77-465E-489D-ABEB-507C1E1E512A} = {076FC77D-ADCF-4929-AEAA-15DF7306DF37}
		{88F5C868-DC93-490D-A1D8-E5FFE541FD3C} = {96163B62-2DE8-4EB2-B34A-6B5D77125394}
		{858C1E78-60CC-4036-84DF-5F08196C7B52} = {076FC77D-ADCF-4929-AEAA-15DF7306DF37}
		{13F9A086-217E-40FE-8A22-EF13D93A76D1} = {95E3696C-330E-4229-A7D8-CA1C8E009FC4}
		{134DD6A1-F0F9-4759-AAA5-FEA9129BF338} = {13F9A086-217E-40FE-8A22-EF13D93A76D1}
		{F94695B6-DD4B-40F4-84F3-ABC03C8D91C3} = {13F9A086-217E-40FE-8A22-EF13D93A76D1}
		{A5516DF3-E495-4413-B38D-823B0FD05AF4} = {13F9A086-217E-40FE-8A22-EF13D93A76D1}
		{E555A553-0BCE-4EAC-97BA-10614CED41B9} = {13F9A086-217E-40FE-8A22-EF13D93A76D1}
	EndGlobalSection
	GlobalSection(ExtensibilityGlobals) = postSolution
		SolutionGuid = {27EA1100-B1B1-41EC-AF8D-E07D0476E822}
	EndGlobalSection
EndGlobal
